
Microsoft Visual Studio Solution File, Format Version 12.00
# Visual Studio Version 17
VisualStudioVersion = 17.10.35027.167
MinimumVisualStudioVersion = 10.0.40219.1
Project("{FAE04EC0-301F-11D3-BF4B-00C04F79EFBC}") = "WhilePracticeApp", "WhilePracticeApp\WhilePracticeApp.csproj", "{3807B89C-D106-4A9C-85ED-6B26B513F7D0}"
EndProject
Global
	GlobalSection(SolutionConfigurationPlatforms) = preSolution
		Debug|Any CPU = Debug|Any CPU
		Release|Any CPU = Release|Any CPU
	EndGlobalSection
	GlobalSection(ProjectConfigurationPlatforms) = postSolution
		{3807B89C-D106-4A9C-85ED-6B26B513F7D0}.Debug|Any CPU.ActiveCfg = Debug|Any CPU
		{3807B89C-D106-4A9C-85ED-6B26B513F7D0}.Debug|Any CPU.Build.0 = Debug|Any CPU
		{3807B89C-D106-4A9C-85ED-6B26B513F7D0}.Release|Any CPU.ActiveCfg = Release|Any CPU
		{3807B89C-D106-4A9C-85ED-6B26B513F7D0}.Release|Any CPU.Build.0 = Release|Any CPU
	EndGlobalSection
	GlobalSection(SolutionProperties) = preSolution
		HideSolutionNode = FALSE
	EndGlobalSection
	GlobalSection(ExtensibilityGlobals) = postSolution
		SolutionGuid = {A60B66DD-C864-4FE9-B564-0EB860804323}
	EndGlobalSection
EndGlobal
